
Microsoft Visual Studio Solution File, Format Version 12.00
# Visual Studio Version 16
VisualStudioVersion = 16.0.30413.136
MinimumVisualStudioVersion = 10.0.40219.1
Project("{FAE04EC0-301F-11D3-BF4B-00C04F79EFBC}") = "CARELIFE_MVC_API", "CARELIFE_MVC_API\CARELIFE_MVC_API.csproj", "{6F49855F-1785-4844-8320-D13A97C6DC08}"
EndProject
Global
	GlobalSection(SolutionConfigurationPlatforms) = preSolution
		Debug|Any CPU = Debug|Any CPU
		Release|Any CPU = Release|Any CPU
	EndGlobalSection
	GlobalSection(ProjectConfigurationPlatforms) = postSolution
		{6F49855F-1785-4844-8320-D13A97C6DC08}.Debug|Any CPU.ActiveCfg = Debug|Any CPU
		{6F49855F-1785-4844-8320-D13A97C6DC08}.Debug|Any CPU.Build.0 = Debug|Any CPU
		{6F49855F-1785-4844-8320-D13A97C6DC08}.Release|Any CPU.ActiveCfg = Release|Any CPU
		{6F49855F-1785-4844-8320-D13A97C6DC08}.Release|Any CPU.Build.0 = Release|Any CPU
	EndGlobalSection
	GlobalSection(SolutionProperties) = preSolution
		HideSolutionNode = FALSE
	EndGlobalSection
	GlobalSection(ExtensibilityGlobals) = postSolution
		SolutionGuid = {B5612F65-BCA8-4D53-A4EA-17C3A537B999}
	EndGlobalSection
EndGlobal
